// !$*UTF8*$!
{
	archiveVersion = 1;
	classes = {
	};
	objectVersion = 56;
	objects = {

/* Begin PBXBuildFile section */
		97987E8E2A6BC8B600AE5E54 /* Constants.swift in Sources */ = {isa = PBXBuildFile; fileRef = 97987E8D2A6BC8B600AE5E54 /* Constants.swift */; };
		97987E922A6BD1A500AE5E54 /* PasswordViewController.swift in Sources */ = {isa = PBXBuildFile; fileRef = 97987E912A6BD1A500AE5E54 /* PasswordViewController.swift */; };
		97D4EED82A65672500315433 /* AppDelegate.swift in Sources */ = {isa = PBXBuildFile; fileRef = 97D4EED72A65672500315433 /* AppDelegate.swift */; };
		97D4EEDA2A65672500315433 /* SceneDelegate.swift in Sources */ = {isa = PBXBuildFile; fileRef = 97D4EED92A65672500315433 /* SceneDelegate.swift */; };
		97D4EEDC2A65672500315433 /* ViewController.swift in Sources */ = {isa = PBXBuildFile; fileRef = 97D4EEDB2A65672500315433 /* ViewController.swift */; };
		97D4EEDF2A65672500315433 /* Main.storyboard in Resources */ = {isa = PBXBuildFile; fileRef = 97D4EEDD2A65672500315433 /* Main.storyboard */; };
		97D4EEE12A65672700315433 /* Assets.xcassets in Resources */ = {isa = PBXBuildFile; fileRef = 97D4EEE02A65672700315433 /* Assets.xcassets */; };
		97D4EEE42A65672700315433 /* LaunchScreen.storyboard in Resources */ = {isa = PBXBuildFile; fileRef = 97D4EEE22A65672700315433 /* LaunchScreen.storyboard */; };
		97D4EEEC2A656C0D00315433 /* Poppins-Medium.ttf in Resources */ = {isa = PBXBuildFile; fileRef = 97D4EEEB2A656C0D00315433 /* Poppins-Medium.ttf */; };
		97D4EEF22A65858D00315433 /* SignInController.swift in Sources */ = {isa = PBXBuildFile; fileRef = 97D4EEF12A65858D00315433 /* SignInController.swift */; };
		97D4EEF62A6588BF00315433 /* SignUpController.swift in Sources */ = {isa = PBXBuildFile; fileRef = 97D4EEF52A6588BF00315433 /* SignUpController.swift */; };
		97D4EEF82A65CE7A00315433 /* ToDoTaskController.swift in Sources */ = {isa = PBXBuildFile; fileRef = 97D4EEF72A65CE7A00315433 /* ToDoTaskController.swift */; };
		97D4EEFC2A666AE500315433 /* ToDoList.swift in Sources */ = {isa = PBXBuildFile; fileRef = 97D4EEFB2A666AE500315433 /* ToDoList.swift */; };
		97D4EEFF2A66724F00315433 /* ToDoListCell.swift in Sources */ = {isa = PBXBuildFile; fileRef = 97D4EEFD2A66724F00315433 /* ToDoListCell.swift */; };
		97D4EF002A66724F00315433 /* ToDoListCell.xib in Resources */ = {isa = PBXBuildFile; fileRef = 97D4EEFE2A66724F00315433 /* ToDoListCell.xib */; };
		97D4EF032A66814200315433 /* FirebaseAuth in Frameworks */ = {isa = PBXBuildFile; productRef = 97D4EF022A66814200315433 /* FirebaseAuth */; };
		97D4EF052A66814200315433 /* FirebaseFirestore in Frameworks */ = {isa = PBXBuildFile; productRef = 97D4EF042A66814200315433 /* FirebaseFirestore */; };
		97D4EF072A66814200315433 /* FirebaseFirestoreSwift in Frameworks */ = {isa = PBXBuildFile; productRef = 97D4EF062A66814200315433 /* FirebaseFirestoreSwift */; };
		97D4EF092A66818300315433 /* GoogleService-Info.plist in Resources */ = {isa = PBXBuildFile; fileRef = 97D4EF082A66818300315433 /* GoogleService-Info.plist */; };
		A3C3E309DACDC3B092CF08D9 /* Pods_toDoList_demo.framework in Frameworks */ = {isa = PBXBuildFile; fileRef = 4EF34DD81FD626B0EFB5D29F /* Pods_toDoList_demo.framework */; };
/* End PBXBuildFile section */

/* Begin PBXFileReference section */
		1958A08CB05E0F4B26309A18 /* Pods-toDoList-demo.release.xcconfig */ = {isa = PBXFileReference; includeInIndex = 1; lastKnownFileType = text.xcconfig; name = "Pods-toDoList-demo.release.xcconfig"; path = "Target Support Files/Pods-toDoList-demo/Pods-toDoList-demo.release.xcconfig"; sourceTree = "<group>"; };
		26CB46CA4D66C759C4CF6A37 /* Pods-toDoList-demo.debug.xcconfig */ = {isa = PBXFileReference; includeInIndex = 1; lastKnownFileType = text.xcconfig; name = "Pods-toDoList-demo.debug.xcconfig"; path = "Target Support Files/Pods-toDoList-demo/Pods-toDoList-demo.debug.xcconfig"; sourceTree = "<group>"; };
		4EF34DD81FD626B0EFB5D29F /* Pods_toDoList_demo.framework */ = {isa = PBXFileReference; explicitFileType = wrapper.framework; includeInIndex = 0; path = Pods_toDoList_demo.framework; sourceTree = BUILT_PRODUCTS_DIR; };
		97987E8D2A6BC8B600AE5E54 /* Constants.swift */ = {isa = PBXFileReference; lastKnownFileType = sourcecode.swift; path = Constants.swift; sourceTree = "<group>"; };
		97987E912A6BD1A500AE5E54 /* PasswordViewController.swift */ = {isa = PBXFileReference; lastKnownFileType = sourcecode.swift; path = PasswordViewController.swift; sourceTree = "<group>"; };
		97D4EED42A65672500315433 /* toDoList-demo.app */ = {isa = PBXFileReference; explicitFileType = wrapper.application; includeInIndex = 0; path = "toDoList-demo.app"; sourceTree = BUILT_PRODUCTS_DIR; };
		97D4EED72A65672500315433 /* AppDelegate.swift */ = {isa = PBXFileReference; lastKnownFileType = sourcecode.swift; path = AppDelegate.swift; sourceTree = "<group>"; };
		97D4EED92A65672500315433 /* SceneDelegate.swift */ = {isa = PBXFileReference; lastKnownFileType = sourcecode.swift; path = SceneDelegate.swift; sourceTree = "<group>"; };
		97D4EEDB2A65672500315433 /* ViewController.swift */ = {isa = PBXFileReference; lastKnownFileType = sourcecode.swift; path = ViewController.swift; sourceTree = "<group>"; };
		97D4EEDE2A65672500315433 /* Base */ = {isa = PBXFileReference; lastKnownFileType = file.storyboard; name = Base; path = Base.lproj/Main.storyboard; sourceTree = "<group>"; };
		97D4EEE02A65672700315433 /* Assets.xcassets */ = {isa = PBXFileReference; lastKnownFileType = folder.assetcatalog; path = Assets.xcassets; sourceTree = "<group>"; };
		97D4EEE32A65672700315433 /* Base */ = {isa = PBXFileReference; lastKnownFileType = file.storyboard; name = Base; path = Base.lproj/LaunchScreen.storyboard; sourceTree = "<group>"; };
		97D4EEE52A65672700315433 /* Info.plist */ = {isa = PBXFileReference; lastKnownFileType = text.plist.xml; path = Info.plist; sourceTree = "<group>"; };
		97D4EEEB2A656C0D00315433 /* Poppins-Medium.ttf */ = {isa = PBXFileReference; lastKnownFileType = file; path = "Poppins-Medium.ttf"; sourceTree = "<group>"; };
		97D4EEF12A65858D00315433 /* SignInController.swift */ = {isa = PBXFileReference; lastKnownFileType = sourcecode.swift; path = SignInController.swift; sourceTree = "<group>"; };
		97D4EEF52A6588BF00315433 /* SignUpController.swift */ = {isa = PBXFileReference; lastKnownFileType = sourcecode.swift; path = SignUpController.swift; sourceTree = "<group>"; };
		97D4EEF72A65CE7A00315433 /* ToDoTaskController.swift */ = {isa = PBXFileReference; lastKnownFileType = sourcecode.swift; path = ToDoTaskController.swift; sourceTree = "<group>"; };
		97D4EEFB2A666AE500315433 /* ToDoList.swift */ = {isa = PBXFileReference; lastKnownFileType = sourcecode.swift; path = ToDoList.swift; sourceTree = "<group>"; };
		97D4EEFD2A66724F00315433 /* ToDoListCell.swift */ = {isa = PBXFileReference; lastKnownFileType = sourcecode.swift; path = ToDoListCell.swift; sourceTree = "<group>"; };
		97D4EEFE2A66724F00315433 /* ToDoListCell.xib */ = {isa = PBXFileReference; lastKnownFileType = file.xib; path = ToDoListCell.xib; sourceTree = "<group>"; };
		97D4EF082A66818300315433 /* GoogleService-Info.plist */ = {isa = PBXFileReference; fileEncoding = 4; lastKnownFileType = text.plist.xml; path = "GoogleService-Info.plist"; sourceTree = "<group>"; };
/* End PBXFileReference section */

/* Begin PBXFrameworksBuildPhase section */
		97D4EED12A65672500315433 /* Frameworks */ = {
			isa = PBXFrameworksBuildPhase;
			buildActionMask = 2147483647;
			files = (
				A3C3E309DACDC3B092CF08D9 /* Pods_toDoList_demo.framework in Frameworks */,
				97D4EF032A66814200315433 /* FirebaseAuth in Frameworks */,
				97D4EF052A66814200315433 /* FirebaseFirestore in Frameworks */,
				97D4EF072A66814200315433 /* FirebaseFirestoreSwift in Frameworks */,
			);
			runOnlyForDeploymentPostprocessing = 0;
		};
/* End PBXFrameworksBuildPhase section */

/* Begin PBXGroup section */
		238BCA7A0062731F4EB6F553 /* Frameworks */ = {
			isa = PBXGroup;
			children = (
				4EF34DD81FD626B0EFB5D29F /* Pods_toDoList_demo.framework */,
			);
			name = Frameworks;
			sourceTree = "<group>";
		};
		97987E8A2A6BC7F400AE5E54 /* Constants */ = {
			isa = PBXGroup;
			children = (
				97987E8D2A6BC8B600AE5E54 /* Constants.swift */,
			);
			path = Constants;
			sourceTree = "<group>";
		};
		97D4EECB2A65672500315433 = {
			isa = PBXGroup;
			children = (
				97D4EED62A65672500315433 /* toDoList-demo */,
				97D4EED52A65672500315433 /* Products */,
				DC77D445678B2BB231D16287 /* Pods */,
				238BCA7A0062731F4EB6F553 /* Frameworks */,
			);
			sourceTree = "<group>";
		};
		97D4EED52A65672500315433 /* Products */ = {
			isa = PBXGroup;
			children = (
				97D4EED42A65672500315433 /* toDoList-demo.app */,
			);
			name = Products;
			sourceTree = "<group>";
		};
		97D4EED62A65672500315433 /* toDoList-demo */ = {
			isa = PBXGroup;
			children = (
				97D4EED72A65672500315433 /* AppDelegate.swift */,
				97D4EED92A65672500315433 /* SceneDelegate.swift */,
				97D4EEFA2A666AC400315433 /* Models */,
				97D4EEF92A65D16100315433 /* Views */,
				97D4EEEE2A6584F100315433 /* Controllers */,
				97D4EEE02A65672700315433 /* Assets.xcassets */,
				97D4EEED2A656C6600315433 /* Fonts */,
				97987E8A2A6BC7F400AE5E54 /* Constants */,
				97D4EEE22A65672700315433 /* LaunchScreen.storyboard */,
				97D4EEE52A65672700315433 /* Info.plist */,
				97D4EF082A66818300315433 /* GoogleService-Info.plist */,
			);
			path = "toDoList-demo";
			sourceTree = "<group>";
		};
		97D4EEED2A656C6600315433 /* Fonts */ = {
			isa = PBXGroup;
			children = (
				97D4EEEB2A656C0D00315433 /* Poppins-Medium.ttf */,
			);
			path = Fonts;
			sourceTree = "<group>";
		};
		97D4EEEE2A6584F100315433 /* Controllers */ = {
			isa = PBXGroup;
			children = (
				97D4EEDB2A65672500315433 /* ViewController.swift */,
				97D4EEF12A65858D00315433 /* SignInController.swift */,
				97D4EEF52A6588BF00315433 /* SignUpController.swift */,
				97D4EEF72A65CE7A00315433 /* ToDoTaskController.swift */,
				97987E912A6BD1A500AE5E54 /* PasswordViewController.swift */,
			);
			path = Controllers;
			sourceTree = "<group>";
		};
		97D4EEF92A65D16100315433 /* Views */ = {
			isa = PBXGroup;
			children = (
				97D4EEDD2A65672500315433 /* Main.storyboard */,
				97D4EEFD2A66724F00315433 /* ToDoListCell.swift */,
				97D4EEFE2A66724F00315433 /* ToDoListCell.xib */,
			);
			path = Views;
			sourceTree = "<group>";
		};
		97D4EEFA2A666AC400315433 /* Models */ = {
			isa = PBXGroup;
			children = (
				97D4EEFB2A666AE500315433 /* ToDoList.swift */,
			);
			path = Models;
			sourceTree = "<group>";
		};
		DC77D445678B2BB231D16287 /* Pods */ = {
			isa = PBXGroup;
			children = (
				26CB46CA4D66C759C4CF6A37 /* Pods-toDoList-demo.debug.xcconfig */,
				1958A08CB05E0F4B26309A18 /* Pods-toDoList-demo.release.xcconfig */,
			);
			path = Pods;
			sourceTree = "<group>";
		};
/* End PBXGroup section */

/* Begin PBXNativeTarget section */
		97D4EED32A65672500315433 /* toDoList-demo */ = {
			isa = PBXNativeTarget;
			buildConfigurationList = 97D4EEE82A65672700315433 /* Build configuration list for PBXNativeTarget "toDoList-demo" */;
			buildPhases = (
				F4497A2BF16A657000B2E404 /* [CP] Check Pods Manifest.lock */,
				97D4EED02A65672500315433 /* Sources */,
				97D4EED12A65672500315433 /* Frameworks */,
				97D4EED22A65672500315433 /* Resources */,
				81ED3F4F48D3D3402071FC59 /* [CP] Embed Pods Frameworks */,
			);
			buildRules = (
			);
			dependencies = (
			);
			name = "toDoList-demo";
			packageProductDependencies = (
				97D4EF022A66814200315433 /* FirebaseAuth */,
				97D4EF042A66814200315433 /* FirebaseFirestore */,
				97D4EF062A66814200315433 /* FirebaseFirestoreSwift */,
			);
			productName = "toDoList-demo";
			productReference = 97D4EED42A65672500315433 /* toDoList-demo.app */;
			productType = "com.apple.product-type.application";
		};
/* End PBXNativeTarget section */

/* Begin PBXProject section */
		97D4EECC2A65672500315433 /* Project object */ = {
			isa = PBXProject;
			attributes = {
				BuildIndependentTargetsInParallel = 1;
				LastSwiftUpdateCheck = 1430;
				LastUpgradeCheck = 1430;
				TargetAttributes = {
					97D4EED32A65672500315433 = {
						CreatedOnToolsVersion = 14.3;
					};
				};
			};
			buildConfigurationList = 97D4EECF2A65672500315433 /* Build configuration list for PBXProject "toDoList-demo" */;
			compatibilityVersion = "Xcode 14.0";
			developmentRegion = en;
			hasScannedForEncodings = 0;
			knownRegions = (
				en,
				Base,
			);
			mainGroup = 97D4EECB2A65672500315433;
			packageReferences = (
				97D4EF012A66814200315433 /* XCRemoteSwiftPackageReference "firebase-ios-sdk" */,
			);
			productRefGroup = 97D4EED52A65672500315433 /* Products */;
			projectDirPath = "";
			projectRoot = "";
			targets = (
				97D4EED32A65672500315433 /* toDoList-demo */,
			);
		};
/* End PBXProject section */

/* Begin PBXResourcesBuildPhase section */
		97D4EED22A65672500315433 /* Resources */ = {
			isa = PBXResourcesBuildPhase;
			buildActionMask = 2147483647;
			files = (
				97D4EEE42A65672700315433 /* LaunchScreen.storyboard in Resources */,
				97D4EF002A66724F00315433 /* ToDoListCell.xib in Resources */,
				97D4EEEC2A656C0D00315433 /* Poppins-Medium.ttf in Resources */,
				97D4EEE12A65672700315433 /* Assets.xcassets in Resources */,
				97D4EEDF2A65672500315433 /* Main.storyboard in Resources */,
				97D4EF092A66818300315433 /* GoogleService-Info.plist in Resources */,
			);
			runOnlyForDeploymentPostprocessing = 0;
		};
/* End PBXResourcesBuildPhase section */

/* Begin PBXShellScriptBuildPhase section */
		81ED3F4F48D3D3402071FC59 /* [CP] Embed Pods Frameworks */ = {
			isa = PBXShellScriptBuildPhase;
			buildActionMask = 2147483647;
			files = (
			);
			inputFileListPaths = (
				"${PODS_ROOT}/Target Support Files/Pods-toDoList-demo/Pods-toDoList-demo-frameworks-${CONFIGURATION}-input-files.xcfilelist",
			);
			name = "[CP] Embed Pods Frameworks";
			outputFileListPaths = (
				"${PODS_ROOT}/Target Support Files/Pods-toDoList-demo/Pods-toDoList-demo-frameworks-${CONFIGURATION}-output-files.xcfilelist",
			);
			runOnlyForDeploymentPostprocessing = 0;
			shellPath = /bin/sh;
			shellScript = "\"${PODS_ROOT}/Target Support Files/Pods-toDoList-demo/Pods-toDoList-demo-frameworks.sh\"\n";
			showEnvVarsInLog = 0;
		};
		F4497A2BF16A657000B2E404 /* [CP] Check Pods Manifest.lock */ = {
			isa = PBXShellScriptBuildPhase;
			buildActionMask = 2147483647;
			files = (
			);
			inputFileListPaths = (
			);
			inputPaths = (
				"${PODS_PODFILE_DIR_PATH}/Podfile.lock",
				"${PODS_ROOT}/Manifest.lock",
			);
			name = "[CP] Check Pods Manifest.lock";
			outputFileListPaths = (
			);
			outputPaths = (
				"$(DERIVED_FILE_DIR)/Pods-toDoList-demo-checkManifestLockResult.txt",
			);
			runOnlyForDeploymentPostprocessing = 0;
			shellPath = /bin/sh;
			shellScript = "diff \"${PODS_PODFILE_DIR_PATH}/Podfile.lock\" \"${PODS_ROOT}/Manifest.lock\" > /dev/null\nif [ $? != 0 ] ; then\n    # print error to STDERR\n    echo \"error: The sandbox is not in sync with the Podfile.lock. Run 'pod install' or update your CocoaPods installation.\" >&2\n    exit 1\nfi\n# This output is used by Xcode 'outputs' to avoid re-running this script phase.\necho \"SUCCESS\" > \"${SCRIPT_OUTPUT_FILE_0}\"\n";
			showEnvVarsInLog = 0;
		};
/* End PBXShellScriptBuildPhase section */

/* Begin PBXSourcesBuildPhase section */
		97D4EED02A65672500315433 /* Sources */ = {
			isa = PBXSourcesBuildPhase;
			buildActionMask = 2147483647;
			files = (
				97D4EEF62A6588BF00315433 /* SignUpController.swift in Sources */,
				97987E922A6BD1A500AE5E54 /* PasswordViewController.swift in Sources */,
				97D4EEDC2A65672500315433 /* ViewController.swift in Sources */,
				97D4EEF82A65CE7A00315433 /* ToDoTaskController.swift in Sources */,
				97D4EEFC2A666AE500315433 /* ToDoList.swift in Sources */,
				97D4EEF22A65858D00315433 /* SignInController.swift in Sources */,
				97D4EED82A65672500315433 /* AppDelegate.swift in Sources */,
				97D4EEDA2A65672500315433 /* SceneDelegate.swift in Sources */,
				97D4EEFF2A66724F00315433 /* ToDoListCell.swift in Sources */,
				97987E8E2A6BC8B600AE5E54 /* Constants.swift in Sources */,
			);
			runOnlyForDeploymentPostprocessing = 0;
		};
/* End PBXSourcesBuildPhase section */

/* Begin PBXVariantGroup section */
		97D4EEDD2A65672500315433 /* Main.storyboard */ = {
			isa = PBXVariantGroup;
			children = (
				97D4EEDE2A65672500315433 /* Base */,
			);
			name = Main.storyboard;
			sourceTree = "<group>";
		};
		97D4EEE22A65672700315433 /* LaunchScreen.storyboard */ = {
			isa = PBXVariantGroup;
			children = (
				97D4EEE32A65672700315433 /* Base */,
			);
			name = LaunchScreen.storyboard;
			sourceTree = "<group>";
		};
/* End PBXVariantGroup section */

/* Begin XCBuildConfiguration section */
		97D4EEE62A65672700315433 /* Debug */ = {
			isa = XCBuildConfiguration;
			buildSettings = {
				ALWAYS_SEARCH_USER_PATHS = NO;
				CLANG_ANALYZER_NONNULL = YES;
				CLANG_ANALYZER_NUMBER_OBJECT_CONVERSION = YES_AGGRESSIVE;
				CLANG_CXX_LANGUAGE_STANDARD = "gnu++20";
				CLANG_ENABLE_MODULES = YES;
				CLANG_ENABLE_OBJC_ARC = YES;
				CLANG_ENABLE_OBJC_WEAK = YES;
				CLANG_WARN_BLOCK_CAPTURE_AUTORELEASING = YES;
				CLANG_WARN_BOOL_CONVERSION = YES;
				CLANG_WARN_COMMA = YES;
				CLANG_WARN_CONSTANT_CONVERSION = YES;
				CLANG_WARN_DEPRECATED_OBJC_IMPLEMENTATIONS = YES;
				CLANG_WARN_DIRECT_OBJC_ISA_USAGE = YES_ERROR;
				CLANG_WARN_DOCUMENTATION_COMMENTS = YES;
				CLANG_WARN_EMPTY_BODY = YES;
				CLANG_WARN_ENUM_CONVERSION = YES;
				CLANG_WARN_INFINITE_RECURSION = YES;
				CLANG_WARN_INT_CONVERSION = YES;
				CLANG_WARN_NON_LITERAL_NULL_CONVERSION = YES;
				CLANG_WARN_OBJC_IMPLICIT_RETAIN_SELF = YES;
				CLANG_WARN_OBJC_LITERAL_CONVERSION = YES;
				CLANG_WARN_OBJC_ROOT_CLASS = YES_ERROR;
				CLANG_WARN_QUOTED_INCLUDE_IN_FRAMEWORK_HEADER = YES;
				CLANG_WARN_RANGE_LOOP_ANALYSIS = YES;
				CLANG_WARN_STRICT_PROTOTYPES = YES;
				CLANG_WARN_SUSPICIOUS_MOVE = YES;
				CLANG_WARN_UNGUARDED_AVAILABILITY = YES_AGGRESSIVE;
				CLANG_WARN_UNREACHABLE_CODE = YES;
				CLANG_WARN__DUPLICATE_METHOD_MATCH = YES;
				COPY_PHASE_STRIP = NO;
				DEBUG_INFORMATION_FORMAT = dwarf;
				ENABLE_STRICT_OBJC_MSGSEND = YES;
				ENABLE_TESTABILITY = YES;
				GCC_C_LANGUAGE_STANDARD = gnu11;
				GCC_DYNAMIC_NO_PIC = NO;
				GCC_NO_COMMON_BLOCKS = YES;
				GCC_OPTIMIZATION_LEVEL = 0;
				GCC_PREPROCESSOR_DEFINITIONS = (
					"DEBUG=1",
					"$(inherited)",
				);
				GCC_WARN_64_TO_32_BIT_CONVERSION = YES;
				GCC_WARN_ABOUT_RETURN_TYPE = YES_ERROR;
				GCC_WARN_UNDECLARED_SELECTOR = YES;
				GCC_WARN_UNINITIALIZED_AUTOS = YES_AGGRESSIVE;
				GCC_WARN_UNUSED_FUNCTION = YES;
				GCC_WARN_UNUSED_VARIABLE = YES;
				IPHONEOS_DEPLOYMENT_TARGET = 16.4;
				MTL_ENABLE_DEBUG_INFO = INCLUDE_SOURCE;
				MTL_FAST_MATH = YES;
				ONLY_ACTIVE_ARCH = YES;
				SDKROOT = iphoneos;
				SWIFT_ACTIVE_COMPILATION_CONDITIONS = DEBUG;
				SWIFT_OPTIMIZATION_LEVEL = "-Onone";
			};
			name = Debug;
		};
		97D4EEE72A65672700315433 /* Release */ = {
			isa = XCBuildConfiguration;
			buildSettings = {
				ALWAYS_SEARCH_USER_PATHS = NO;
				CLANG_ANALYZER_NONNULL = YES;
				CLANG_ANALYZER_NUMBER_OBJECT_CONVERSION = YES_AGGRESSIVE;
				CLANG_CXX_LANGUAGE_STANDARD = "gnu++20";
				CLANG_ENABLE_MODULES = YES;
				CLANG_ENABLE_OBJC_ARC = YES;
				CLANG_ENABLE_OBJC_WEAK = YES;
				CLANG_WARN_BLOCK_CAPTURE_AUTORELEASING = YES;
				CLANG_WARN_BOOL_CONVERSION = YES;
				CLANG_WARN_COMMA = YES;
				CLANG_WARN_CONSTANT_CONVERSION = YES;
				CLANG_WARN_DEPRECATED_OBJC_IMPLEMENTATIONS = YES;
				CLANG_WARN_DIRECT_OBJC_ISA_USAGE = YES_ERROR;
				CLANG_WARN_DOCUMENTATION_COMMENTS = YES;
				CLANG_WARN_EMPTY_BODY = YES;
				CLANG_WARN_ENUM_CONVERSION = YES;
				CLANG_WARN_INFINITE_RECURSION = YES;
				CLANG_WARN_INT_CONVERSION = YES;
				CLANG_WARN_NON_LITERAL_NULL_CONVERSION = YES;
				CLANG_WARN_OBJC_IMPLICIT_RETAIN_SELF = YES;
				CLANG_WARN_OBJC_LITERAL_CONVERSION = YES;
				CLANG_WARN_OBJC_ROOT_CLASS = YES_ERROR;
				CLANG_WARN_QUOTED_INCLUDE_IN_FRAMEWORK_HEADER = YES;
				CLANG_WARN_RANGE_LOOP_ANALYSIS = YES;
				CLANG_WARN_STRICT_PROTOTYPES = YES;
				CLANG_WARN_SUSPICIOUS_MOVE = YES;
				CLANG_WARN_UNGUARDED_AVAILABILITY = YES_AGGRESSIVE;
				CLANG_WARN_UNREACHABLE_CODE = YES;
				CLANG_WARN__DUPLICATE_METHOD_MATCH = YES;
				COPY_PHASE_STRIP = NO;
				DEBUG_INFORMATION_FORMAT = "dwarf-with-dsym";
				ENABLE_NS_ASSERTIONS = NO;
				ENABLE_STRICT_OBJC_MSGSEND = YES;
				GCC_C_LANGUAGE_STANDARD = gnu11;
				GCC_NO_COMMON_BLOCKS = YES;
				GCC_WARN_64_TO_32_BIT_CONVERSION = YES;
				GCC_WARN_ABOUT_RETURN_TYPE = YES_ERROR;
				GCC_WARN_UNDECLARED_SELECTOR = YES;
				GCC_WARN_UNINITIALIZED_AUTOS = YES_AGGRESSIVE;
				GCC_WARN_UNUSED_FUNCTION = YES;
				GCC_WARN_UNUSED_VARIABLE = YES;
				IPHONEOS_DEPLOYMENT_TARGET = 16.4;
				MTL_ENABLE_DEBUG_INFO = NO;
				MTL_FAST_MATH = YES;
				SDKROOT = iphoneos;
				SWIFT_COMPILATION_MODE = wholemodule;
				SWIFT_OPTIMIZATION_LEVEL = "-O";
				VALIDATE_PRODUCT = YES;
			};
			name = Release;
		};
		97D4EEE92A65672700315433 /* Debug */ = {
			isa = XCBuildConfiguration;
			baseConfigurationReference = 26CB46CA4D66C759C4CF6A37 /* Pods-toDoList-demo.debug.xcconfig */;
			buildSettings = {
				ASSETCATALOG_COMPILER_APPICON_NAME = AppIcon;
				ASSETCATALOG_COMPILER_GLOBAL_ACCENT_COLOR_NAME = AccentColor;
				CODE_SIGN_STYLE = Automatic;
				CURRENT_PROJECT_VERSION = 1;
				DEVELOPMENT_TEAM = 2U8T5Z4P56;
				GENERATE_INFOPLIST_FILE = YES;
				INFOPLIST_FILE = "toDoList-demo/Info.plist";
				INFOPLIST_KEY_UIApplicationSupportsIndirectInputEvents = YES;
				INFOPLIST_KEY_UILaunchStoryboardName = LaunchScreen;
				INFOPLIST_KEY_UIMainStoryboardFile = Main;
				INFOPLIST_KEY_UIRequiresFullScreen = YES;
				LD_RUNPATH_SEARCH_PATHS = (
					"$(inherited)",
					"@executable_path/Frameworks",
				);
				MARKETING_VERSION = 1.0;
				PRODUCT_BUNDLE_IDENTIFIER = "com.befe.toDoList-demo";
				PRODUCT_NAME = "$(TARGET_NAME)";
				SWIFT_EMIT_LOC_STRINGS = YES;
				SWIFT_VERSION = 5.0;
				TARGETED_DEVICE_FAMILY = "1,2";
			};
			name = Debug;
		};
		97D4EEEA2A65672700315433 /* Release */ = {
			isa = XCBuildConfiguration;
			baseConfigurationReference = 1958A08CB05E0F4B26309A18 /* Pods-toDoList-demo.release.xcconfig */;
			buildSettings = {
				ASSETCATALOG_COMPILER_APPICON_NAME = AppIcon;
				ASSETCATALOG_COMPILER_GLOBAL_ACCENT_COLOR_NAME = AccentColor;
				CODE_SIGN_STYLE = Automatic;
				CURRENT_PROJECT_VERSION = 1;
				DEVELOPMENT_TEAM = 2U8T5Z4P56;
				GENERATE_INFOPLIST_FILE = YES;
				INFOPLIST_FILE = "toDoList-demo/Info.plist";
				INFOPLIST_KEY_UIApplicationSupportsIndirectInputEvents = YES;
				INFOPLIST_KEY_UILaunchStoryboardName = LaunchScreen;
				INFOPLIST_KEY_UIMainStoryboardFile = Main;
				INFOPLIST_KEY_UIRequiresFullScreen = YES;
				LD_RUNPATH_SEARCH_PATHS = (
					"$(inherited)",
					"@executable_path/Frameworks",
				);
				MARKETING_VERSION = 1.0;
				PRODUCT_BUNDLE_IDENTIFIER = "com.befe.toDoList-demo";
				PRODUCT_NAME = "$(TARGET_NAME)";
				SWIFT_EMIT_LOC_STRINGS = YES;
				SWIFT_VERSION = 5.0;
				TARGETED_DEVICE_FAMILY = "1,2";
			};
			name = Release;
		};
/* End XCBuildConfiguration section */

/* Begin XCConfigurationList section */
		97D4EECF2A65672500315433 /* Build configuration list for PBXProject "toDoList-demo" */ = {
			isa = XCConfigurationList;
			buildConfigurations = (
				97D4EEE62A65672700315433 /* Debug */,
				97D4EEE72A65672700315433 /* Release */,
			);
			defaultConfigurationIsVisible = 0;
			defaultConfigurationName = Release;
		};
		97D4EEE82A65672700315433 /* Build configuration list for PBXNativeTarget "toDoList-demo" */ = {
			isa = XCConfigurationList;
			buildConfigurations = (
				97D4EEE92A65672700315433 /* Debug */,
				97D4EEEA2A65672700315433 /* Release */,
			);
			defaultConfigurationIsVisible = 0;
			defaultConfigurationName = Release;
		};
/* End XCConfigurationList section */

/* Begin XCRemoteSwiftPackageReference section */
		97D4EF012A66814200315433 /* XCRemoteSwiftPackageReference "firebase-ios-sdk" */ = {
			isa = XCRemoteSwiftPackageReference;
			repositoryURL = "https://github.com/firebase/firebase-ios-sdk.git";
			requirement = {
				kind = upToNextMajorVersion;
				minimumVersion = 10.0.0;
			};
		};
/* End XCRemoteSwiftPackageReference section */

/* Begin XCSwiftPackageProductDependency section */
		97D4EF022A66814200315433 /* FirebaseAuth */ = {
			isa = XCSwiftPackageProductDependency;
			package = 97D4EF012A66814200315433 /* XCRemoteSwiftPackageReference "firebase-ios-sdk" */;
			productName = FirebaseAuth;
		};
		97D4EF042A66814200315433 /* FirebaseFirestore */ = {
			isa = XCSwiftPackageProductDependency;
			package = 97D4EF012A66814200315433 /* XCRemoteSwiftPackageReference "firebase-ios-sdk" */;
			productName = FirebaseFirestore;
		};
		97D4EF062A66814200315433 /* FirebaseFirestoreSwift */ = {
			isa = XCSwiftPackageProductDependency;
			package = 97D4EF012A66814200315433 /* XCRemoteSwiftPackageReference "firebase-ios-sdk" */;
			productName = FirebaseFirestoreSwift;
		};
/* End XCSwiftPackageProductDependency section */
	};
	rootObject = 97D4EECC2A65672500315433 /* Project object */;
}
